
Microsoft Visual Studio Solution File, Format Version 12.00
# Visual Studio Version 17
VisualStudioVersion = 17.11.35312.102
MinimumVisualStudioVersion = 10.0.40219.1
Project("{9A19103F-16F7-4668-BE54-9A1E7A4F7556}") = "EShopModulithCourse.Server", "EShopModulithCourse.Server\EShopModulithCourse.Server.csproj", "{8AAE70C1-0A48-4076-A236-120DBA22E217}"
EndProject
Project("{2150E333-8FDC-42A3-9474-1A3956D46DE8}") = "Modules", "Modules", "{B5705CD9-63CF-49C7-8BDB-21712AE92004}"
EndProject
Project("{9A19103F-16F7-4668-BE54-9A1E7A4F7556}") = "Modules.Catalog", "Modules.Catalog\Modules.Catalog.csproj", "{FFFDCC56-49EF-419B-AA4F-9296D5ECCD4B}"
EndProject
Project("{9A19103F-16F7-4668-BE54-9A1E7A4F7556}") = "Modules.Ordering", "Modules.Ordering\Modules.Ordering.csproj", "{96450C5B-EA55-4D75-8784-66BBF02E4425}"
EndProject
Project("{9A19103F-16F7-4668-BE54-9A1E7A4F7556}") = "Modules.Basket", "Modules.Basket\Modules.Basket.csproj", "{94A48BCF-09A9-4237-BAA8-BA50E9D4E62A}"
EndProject
Project("{FAE04EC0-301F-11D3-BF4B-00C04F79EFBC}") = "Modules.Catalog.Contract", "Modules.Catalog.Contract\Modules.Catalog.Contract.csproj", "{F86CDDB9-CF89-4679-A3CC-C3B2C93228C8}"
EndProject
Project("{2150E333-8FDC-42A3-9474-1A3956D46DE8}") = "Catalog", "Catalog", "{0D541E28-6165-4557-A3FE-0C117A8A8EFE}"
EndProject
Project("{FAE04EC0-301F-11D3-BF4B-00C04F79EFBC}") = "Shared.Contracts", "Shared.Contracts\Shared.Contracts.csproj", "{AC384438-B2C5-4617-8957-C59D3D5D319D}"
EndProject
Project("{2150E333-8FDC-42A3-9474-1A3956D46DE8}") = "Shared", "Shared", "{01F5812A-C395-4C87-AD6F-67649238FB79}"
EndProject
Project("{FAE04EC0-301F-11D3-BF4B-00C04F79EFBC}") = "Shared", "Shared\Shared.csproj", "{FE1C23DA-EF5F-4C56-8731-4205D41A6CF2}"
EndProject
Project("{FAE04EC0-301F-11D3-BF4B-00C04F79EFBC}") = "Shared.Infrastructure", "Shared.Infrastructure\Shared.Infrastructure.csproj", "{5AB2D536-992B-44C8-9AE8-64EECC69A814}"
EndProject
Project("{FAE04EC0-301F-11D3-BF4B-00C04F79EFBC}") = "Shared.Infrastructure.Messaging", "Shared.Infrastructure.Messaging\Shared.Infrastructure.Messaging.csproj", "{08EC2F35-E077-4CB7-9C65-951342C843C7}"
EndProject
Project("{FAE04EC0-301F-11D3-BF4B-00C04F79EFBC}") = "Modules.Integration", "Modules.Integration\Modules.Integration.csproj", "{B752747C-6F8C-4F32-AA83-B5F0D5E2DEA4}"
EndProject
Project("{FAE04EC0-301F-11D3-BF4B-00C04F79EFBC}") = "Modules.Shared", "Modules.Shared\Modules.Shared.csproj", "{CEB5E252-A72A-4038-BE17-9633420757EB}"
EndProject
Project("{2150E333-8FDC-42A3-9474-1A3956D46DE8}") = "Basket", "Basket", "{467DFB1B-F28F-4407-BD2A-0BEA2FCED9F0}"
EndProject
Project("{2150E333-8FDC-42A3-9474-1A3956D46DE8}") = "Ordering", "Ordering", "{A6C3C2D4-62F0-4CF9-AFE1-3F61B318FDD6}"
EndProject
Global
	GlobalSection(SolutionConfigurationPlatforms) = preSolution
		Debug|Any CPU = Debug|Any CPU
		Release|Any CPU = Release|Any CPU
	EndGlobalSection
	GlobalSection(ProjectConfigurationPlatforms) = postSolution
		{8AAE70C1-0A48-4076-A236-120DBA22E217}.Debug|Any CPU.ActiveCfg = Debug|Any CPU
		{8AAE70C1-0A48-4076-A236-120DBA22E217}.Debug|Any CPU.Build.0 = Debug|Any CPU
		{8AAE70C1-0A48-4076-A236-120DBA22E217}.Release|Any CPU.ActiveCfg = Release|Any CPU
		{8AAE70C1-0A48-4076-A236-120DBA22E217}.Release|Any CPU.Build.0 = Release|Any CPU
		{FFFDCC56-49EF-419B-AA4F-9296D5ECCD4B}.Debug|Any CPU.ActiveCfg = Debug|Any CPU
		{FFFDCC56-49EF-419B-AA4F-9296D5ECCD4B}.Debug|Any CPU.Build.0 = Debug|Any CPU
		{FFFDCC56-49EF-419B-AA4F-9296D5ECCD4B}.Release|Any CPU.ActiveCfg = Release|Any CPU
		{FFFDCC56-49EF-419B-AA4F-9296D5ECCD4B}.Release|Any CPU.Build.0 = Release|Any CPU
		{96450C5B-EA55-4D75-8784-66BBF02E4425}.Debug|Any CPU.ActiveCfg = Debug|Any CPU
		{96450C5B-EA55-4D75-8784-66BBF02E4425}.Debug|Any CPU.Build.0 = Debug|Any CPU
		{96450C5B-EA55-4D75-8784-66BBF02E4425}.Release|Any CPU.ActiveCfg = Release|Any CPU
		{96450C5B-EA55-4D75-8784-66BBF02E4425}.Release|Any CPU.Build.0 = Release|Any CPU
		{94A48BCF-09A9-4237-BAA8-BA50E9D4E62A}.Debug|Any CPU.ActiveCfg = Debug|Any CPU
		{94A48BCF-09A9-4237-BAA8-BA50E9D4E62A}.Debug|Any CPU.Build.0 = Debug|Any CPU
		{94A48BCF-09A9-4237-BAA8-BA50E9D4E62A}.Release|Any CPU.ActiveCfg = Release|Any CPU
		{94A48BCF-09A9-4237-BAA8-BA50E9D4E62A}.Release|Any CPU.Build.0 = Release|Any CPU
		{F86CDDB9-CF89-4679-A3CC-C3B2C93228C8}.Debug|Any CPU.ActiveCfg = Debug|Any CPU
		{F86CDDB9-CF89-4679-A3CC-C3B2C93228C8}.Debug|Any CPU.Build.0 = Debug|Any CPU
		{F86CDDB9-CF89-4679-A3CC-C3B2C93228C8}.Release|Any CPU.ActiveCfg = Release|Any CPU
		{F86CDDB9-CF89-4679-A3CC-C3B2C93228C8}.Release|Any CPU.Build.0 = Release|Any CPU
		{AC384438-B2C5-4617-8957-C59D3D5D319D}.Debug|Any CPU.ActiveCfg = Debug|Any CPU
		{AC384438-B2C5-4617-8957-C59D3D5D319D}.Debug|Any CPU.Build.0 = Debug|Any CPU
		{AC384438-B2C5-4617-8957-C59D3D5D319D}.Release|Any CPU.ActiveCfg = Release|Any CPU
		{AC384438-B2C5-4617-8957-C59D3D5D319D}.Release|Any CPU.Build.0 = Release|Any CPU
		{FE1C23DA-EF5F-4C56-8731-4205D41A6CF2}.Debug|Any CPU.ActiveCfg = Debug|Any CPU
		{FE1C23DA-EF5F-4C56-8731-4205D41A6CF2}.Debug|Any CPU.Build.0 = Debug|Any CPU
		{FE1C23DA-EF5F-4C56-8731-4205D41A6CF2}.Release|Any CPU.ActiveCfg = Release|Any CPU
		{FE1C23DA-EF5F-4C56-8731-4205D41A6CF2}.Release|Any CPU.Build.0 = Release|Any CPU
		{5AB2D536-992B-44C8-9AE8-64EECC69A814}.Debug|Any CPU.ActiveCfg = Debug|Any CPU
		{5AB2D536-992B-44C8-9AE8-64EECC69A814}.Debug|Any CPU.Build.0 = Debug|Any CPU
		{5AB2D536-992B-44C8-9AE8-64EECC69A814}.Release|Any CPU.ActiveCfg = Release|Any CPU
		{5AB2D536-992B-44C8-9AE8-64EECC69A814}.Release|Any CPU.Build.0 = Release|Any CPU
		{08EC2F35-E077-4CB7-9C65-951342C843C7}.Debug|Any CPU.ActiveCfg = Debug|Any CPU
		{08EC2F35-E077-4CB7-9C65-951342C843C7}.Debug|Any CPU.Build.0 = Debug|Any CPU
		{08EC2F35-E077-4CB7-9C65-951342C843C7}.Release|Any CPU.ActiveCfg = Release|Any CPU
		{08EC2F35-E077-4CB7-9C65-951342C843C7}.Release|Any CPU.Build.0 = Release|Any CPU
		{B752747C-6F8C-4F32-AA83-B5F0D5E2DEA4}.Debug|Any CPU.ActiveCfg = Debug|Any CPU
		{B752747C-6F8C-4F32-AA83-B5F0D5E2DEA4}.Debug|Any CPU.Build.0 = Debug|Any CPU
		{B752747C-6F8C-4F32-AA83-B5F0D5E2DEA4}.Release|Any CPU.ActiveCfg = Release|Any CPU
		{B752747C-6F8C-4F32-AA83-B5F0D5E2DEA4}.Release|Any CPU.Build.0 = Release|Any CPU
		{CEB5E252-A72A-4038-BE17-9633420757EB}.Debug|Any CPU.ActiveCfg = Debug|Any CPU
		{CEB5E252-A72A-4038-BE17-9633420757EB}.Debug|Any CPU.Build.0 = Debug|Any CPU
		{CEB5E252-A72A-4038-BE17-9633420757EB}.Release|Any CPU.ActiveCfg = Release|Any CPU
		{CEB5E252-A72A-4038-BE17-9633420757EB}.Release|Any CPU.Build.0 = Release|Any CPU
	EndGlobalSection
	GlobalSection(SolutionProperties) = preSolution
		HideSolutionNode = FALSE
	EndGlobalSection
	GlobalSection(NestedProjects) = preSolution
		{0D541E28-6165-4557-A3FE-0C117A8A8EFE} = {B5705CD9-63CF-49C7-8BDB-21712AE92004}
		{FFFDCC56-49EF-419B-AA4F-9296D5ECCD4B} = {0D541E28-6165-4557-A3FE-0C117A8A8EFE}
		{F86CDDB9-CF89-4679-A3CC-C3B2C93228C8} = {0D541E28-6165-4557-A3FE-0C117A8A8EFE}
		{AC384438-B2C5-4617-8957-C59D3D5D319D} = {01F5812A-C395-4C87-AD6F-67649238FB79}
		{FE1C23DA-EF5F-4C56-8731-4205D41A6CF2} = {01F5812A-C395-4C87-AD6F-67649238FB79}
		{5AB2D536-992B-44C8-9AE8-64EECC69A814} = {01F5812A-C395-4C87-AD6F-67649238FB79}
		{08EC2F35-E077-4CB7-9C65-951342C843C7} = {01F5812A-C395-4C87-AD6F-67649238FB79}
		{B752747C-6F8C-4F32-AA83-B5F0D5E2DEA4} = {B5705CD9-63CF-49C7-8BDB-21712AE92004}
		{CEB5E252-A72A-4038-BE17-9633420757EB} = {B5705CD9-63CF-49C7-8BDB-21712AE92004}
		{467DFB1B-F28F-4407-BD2A-0BEA2FCED9F0} = {B5705CD9-63CF-49C7-8BDB-21712AE92004}
		{94A48BCF-09A9-4237-BAA8-BA50E9D4E62A} = {467DFB1B-F28F-4407-BD2A-0BEA2FCED9F0}
		{A6C3C2D4-62F0-4CF9-AFE1-3F61B318FDD6} = {B5705CD9-63CF-49C7-8BDB-21712AE92004}
		{96450C5B-EA55-4D75-8784-66BBF02E4425} = {A6C3C2D4-62F0-4CF9-AFE1-3F61B318FDD6}
	EndGlobalSection
EndGlobal
